
Microsoft Visual Studio Solution File, Format Version 12.00
# Visual Studio Version 17
VisualStudioVersion = 17.10.35013.160
MinimumVisualStudioVersion = 10.0.40219.1
Project("{FAE04EC0-301F-11D3-BF4B-00C04F79EFBC}") = "Project2", "Project2.csproj", "{175B3B3E-8530-4F6A-8067-CDCC9D3E9723}"
EndProject
Global
	GlobalSection(SolutionConfigurationPlatforms) = preSolution
		Debug|Any CPU = Debug|Any CPU
		Release|Any CPU = Release|Any CPU
	EndGlobalSection
	GlobalSection(ProjectConfigurationPlatforms) = postSolution
		{175B3B3E-8530-4F6A-8067-CDCC9D3E9723}.Debug|Any CPU.ActiveCfg = Debug|Any CPU
		{175B3B3E-8530-4F6A-8067-CDCC9D3E9723}.Debug|Any CPU.Build.0 = Debug|Any CPU
		{175B3B3E-8530-4F6A-8067-CDCC9D3E9723}.Debug|Any CPU.Deploy.0 = Debug|Any CPU
		{175B3B3E-8530-4F6A-8067-CDCC9D3E9723}.Release|Any CPU.ActiveCfg = Release|Any CPU
		{175B3B3E-8530-4F6A-8067-CDCC9D3E9723}.Release|Any CPU.Build.0 = Release|Any CPU
		{175B3B3E-8530-4F6A-8067-CDCC9D3E9723}.Release|Any CPU.Deploy.0 = Release|Any CPU
	EndGlobalSection
	GlobalSection(SolutionProperties) = preSolution
		HideSolutionNode = FALSE
	EndGlobalSection
	GlobalSection(ExtensibilityGlobals) = postSolution
		SolutionGuid = {147BD158-FF59-4B4C-A08A-AEF9AFCA974F}
	EndGlobalSection
EndGlobal
